
Microsoft Visual Studio Solution File, Format Version 12.00
# Visual Studio 15
VisualStudioVersion = 15.0.28307.102
MinimumVisualStudioVersion = 10.0.40219.1
Project("{FAE04EC0-301F-11D3-BF4B-00C04F79EFBC}") = "HoopRun.Android", "HoopRun\HoopRun.Android\HoopRun.Android.csproj", "{16658D90-AE2A-40C4-B2BC-B73A0B0A03AC}"
EndProject
Project("{FAE04EC0-301F-11D3-BF4B-00C04F79EFBC}") = "HoopRun.iOS", "HoopRun\HoopRun.iOS\HoopRun.iOS.csproj", "{2327D195-DA65-429E-B675-CCCB8ADC065A}"
EndProject
Project("{FAE04EC0-301F-11D3-BF4B-00C04F79EFBC}") = "HoopRun", "HoopRun\HoopRun\HoopRun.csproj", "{EE5FB151-4259-44B6-A23C-C9B82DCF3755}"
EndProject
Global
	GlobalSection(SolutionConfigurationPlatforms) = preSolution
		Ad-Hoc|Any CPU = Ad-Hoc|Any CPU
		Ad-Hoc|iPhone = Ad-Hoc|iPhone
		Ad-Hoc|iPhoneSimulator = Ad-Hoc|iPhoneSimulator
		AppStore|Any CPU = AppStore|Any CPU
		AppStore|iPhone = AppStore|iPhone
		AppStore|iPhoneSimulator = AppStore|iPhoneSimulator
		Debug|Any CPU = Debug|Any CPU
		Debug|iPhone = Debug|iPhone
		Debug|iPhoneSimulator = Debug|iPhoneSimulator
		Release|Any CPU = Release|Any CPU
		Release|iPhone = Release|iPhone
		Release|iPhoneSimulator = Release|iPhoneSimulator
	EndGlobalSection
	GlobalSection(ProjectConfigurationPlatforms) = postSolution
		{16658D90-AE2A-40C4-B2BC-B73A0B0A03AC}.Ad-Hoc|Any CPU.ActiveCfg = Release|Any CPU
		{16658D90-AE2A-40C4-B2BC-B73A0B0A03AC}.Ad-Hoc|Any CPU.Build.0 = Release|Any CPU
		{16658D90-AE2A-40C4-B2BC-B73A0B0A03AC}.Ad-Hoc|Any CPU.Deploy.0 = Release|Any CPU
		{16658D90-AE2A-40C4-B2BC-B73A0B0A03AC}.Ad-Hoc|iPhone.ActiveCfg = Release|Any CPU
		{16658D90-AE2A-40C4-B2BC-B73A0B0A03AC}.Ad-Hoc|iPhone.Build.0 = Release|Any CPU
		{16658D90-AE2A-40C4-B2BC-B73A0B0A03AC}.Ad-Hoc|iPhone.Deploy.0 = Release|Any CPU
		{16658D90-AE2A-40C4-B2BC-B73A0B0A03AC}.Ad-Hoc|iPhoneSimulator.ActiveCfg = Release|Any CPU
		{16658D90-AE2A-40C4-B2BC-B73A0B0A03AC}.Ad-Hoc|iPhoneSimulator.Build.0 = Release|Any CPU
		{16658D90-AE2A-40C4-B2BC-B73A0B0A03AC}.Ad-Hoc|iPhoneSimulator.Deploy.0 = Release|Any CPU
		{16658D90-AE2A-40C4-B2BC-B73A0B0A03AC}.AppStore|Any CPU.ActiveCfg = Release|Any CPU
		{16658D90-AE2A-40C4-B2BC-B73A0B0A03AC}.AppStore|Any CPU.Build.0 = Release|Any CPU
		{16658D90-AE2A-40C4-B2BC-B73A0B0A03AC}.AppStore|Any CPU.Deploy.0 = Release|Any CPU
		{16658D90-AE2A-40C4-B2BC-B73A0B0A03AC}.AppStore|iPhone.ActiveCfg = Release|Any CPU
		{16658D90-AE2A-40C4-B2BC-B73A0B0A03AC}.AppStore|iPhone.Build.0 = Release|Any CPU
		{16658D90-AE2A-40C4-B2BC-B73A0B0A03AC}.AppStore|iPhone.Deploy.0 = Release|Any CPU
		{16658D90-AE2A-40C4-B2BC-B73A0B0A03AC}.AppStore|iPhoneSimulator.ActiveCfg = Release|Any CPU
		{16658D90-AE2A-40C4-B2BC-B73A0B0A03AC}.AppStore|iPhoneSimulator.Build.0 = Release|Any CPU
		{16658D90-AE2A-40C4-B2BC-B73A0B0A03AC}.AppStore|iPhoneSimulator.Deploy.0 = Release|Any CPU
		{16658D90-AE2A-40C4-B2BC-B73A0B0A03AC}.Debug|Any CPU.ActiveCfg = Debug|Any CPU
		{16658D90-AE2A-40C4-B2BC-B73A0B0A03AC}.Debug|Any CPU.Build.0 = Debug|Any CPU
		{16658D90-AE2A-40C4-B2BC-B73A0B0A03AC}.Debug|Any CPU.Deploy.0 = Debug|Any CPU
		{16658D90-AE2A-40C4-B2BC-B73A0B0A03AC}.Debug|iPhone.ActiveCfg = Debug|Any CPU
		{16658D90-AE2A-40C4-B2BC-B73A0B0A03AC}.Debug|iPhone.Build.0 = Debug|Any CPU
		{16658D90-AE2A-40C4-B2BC-B73A0B0A03AC}.Debug|iPhone.Deploy.0 = Debug|Any CPU
		{16658D90-AE2A-40C4-B2BC-B73A0B0A03AC}.Debug|iPhoneSimulator.ActiveCfg = Debug|Any CPU
		{16658D90-AE2A-40C4-B2BC-B73A0B0A03AC}.Debug|iPhoneSimulator.Build.0 = Debug|Any CPU
		{16658D90-AE2A-40C4-B2BC-B73A0B0A03AC}.Debug|iPhoneSimulator.Deploy.0 = Debug|Any CPU
		{16658D90-AE2A-40C4-B2BC-B73A0B0A03AC}.Release|Any CPU.ActiveCfg = Release|Any CPU
		{16658D90-AE2A-40C4-B2BC-B73A0B0A03AC}.Release|Any CPU.Build.0 = Release|Any CPU
		{16658D90-AE2A-40C4-B2BC-B73A0B0A03AC}.Release|Any CPU.Deploy.0 = Release|Any CPU
		{16658D90-AE2A-40C4-B2BC-B73A0B0A03AC}.Release|iPhone.ActiveCfg = Release|Any CPU
		{16658D90-AE2A-40C4-B2BC-B73A0B0A03AC}.Release|iPhone.Build.0 = Release|Any CPU
		{16658D90-AE2A-40C4-B2BC-B73A0B0A03AC}.Release|iPhone.Deploy.0 = Release|Any CPU
		{16658D90-AE2A-40C4-B2BC-B73A0B0A03AC}.Release|iPhoneSimulator.ActiveCfg = Release|Any CPU
		{16658D90-AE2A-40C4-B2BC-B73A0B0A03AC}.Release|iPhoneSimulator.Build.0 = Release|Any CPU
		{16658D90-AE2A-40C4-B2BC-B73A0B0A03AC}.Release|iPhoneSimulator.Deploy.0 = Release|Any CPU
		{2327D195-DA65-429E-B675-CCCB8ADC065A}.Ad-Hoc|Any CPU.ActiveCfg = Ad-Hoc|iPhone
		{2327D195-DA65-429E-B675-CCCB8ADC065A}.Ad-Hoc|Any CPU.Build.0 = Ad-Hoc|iPhone
		{2327D195-DA65-429E-B675-CCCB8ADC065A}.Ad-Hoc|Any CPU.Deploy.0 = Ad-Hoc|iPhone
		{2327D195-DA65-429E-B675-CCCB8ADC065A}.Ad-Hoc|iPhone.ActiveCfg = Ad-Hoc|iPhone
		{2327D195-DA65-429E-B675-CCCB8ADC065A}.Ad-Hoc|iPhone.Build.0 = Ad-Hoc|iPhone
		{2327D195-DA65-429E-B675-CCCB8ADC065A}.Ad-Hoc|iPhone.Deploy.0 = Ad-Hoc|iPhone
		{2327D195-DA65-429E-B675-CCCB8ADC065A}.Ad-Hoc|iPhoneSimulator.ActiveCfg = Ad-Hoc|iPhoneSimulator
		{2327D195-DA65-429E-B675-CCCB8ADC065A}.Ad-Hoc|iPhoneSimulator.Build.0 = Ad-Hoc|iPhoneSimulator
		{2327D195-DA65-429E-B675-CCCB8ADC065A}.Ad-Hoc|iPhoneSimulator.Deploy.0 = Ad-Hoc|iPhoneSimulator
		{2327D195-DA65-429E-B675-CCCB8ADC065A}.AppStore|Any CPU.ActiveCfg = AppStore|iPhone
		{2327D195-DA65-429E-B675-CCCB8ADC065A}.AppStore|Any CPU.Build.0 = AppStore|iPhone
		{2327D195-DA65-429E-B675-CCCB8ADC065A}.AppStore|Any CPU.Deploy.0 = AppStore|iPhone
		{2327D195-DA65-429E-B675-CCCB8ADC065A}.AppStore|iPhone.ActiveCfg = AppStore|iPhone
		{2327D195-DA65-429E-B675-CCCB8ADC065A}.AppStore|iPhone.Build.0 = AppStore|iPhone
		{2327D195-DA65-429E-B675-CCCB8ADC065A}.AppStore|iPhone.Deploy.0 = AppStore|iPhone
		{2327D195-DA65-429E-B675-CCCB8ADC065A}.AppStore|iPhoneSimulator.ActiveCfg = AppStore|iPhoneSimulator
		{2327D195-DA65-429E-B675-CCCB8ADC065A}.AppStore|iPhoneSimulator.Build.0 = AppStore|iPhoneSimulator
		{2327D195-DA65-429E-B675-CCCB8ADC065A}.AppStore|iPhoneSimulator.Deploy.0 = AppStore|iPhoneSimulator
		{2327D195-DA65-429E-B675-CCCB8ADC065A}.Debug|Any CPU.ActiveCfg = Debug|iPhoneSimulator
		{2327D195-DA65-429E-B675-CCCB8ADC065A}.Debug|Any CPU.Build.0 = Debug|iPhoneSimulator
		{2327D195-DA65-429E-B675-CCCB8ADC065A}.Debug|Any CPU.Deploy.0 = Debug|iPhoneSimulator
		{2327D195-DA65-429E-B675-CCCB8ADC065A}.Debug|iPhone.ActiveCfg = Debug|iPhone
		{2327D195-DA65-429E-B675-CCCB8ADC065A}.Debug|iPhone.Build.0 = Debug|iPhone
		{2327D195-DA65-429E-B675-CCCB8ADC065A}.Debug|iPhone.Deploy.0 = Debug|iPhone
		{2327D195-DA65-429E-B675-CCCB8ADC065A}.Debug|iPhoneSimulator.ActiveCfg = Debug|iPhoneSimulator
		{2327D195-DA65-429E-B675-CCCB8ADC065A}.Debug|iPhoneSimulator.Build.0 = Debug|iPhoneSimulator
		{2327D195-DA65-429E-B675-CCCB8ADC065A}.Debug|iPhoneSimulator.Deploy.0 = Debug|iPhoneSimulator
		{2327D195-DA65-429E-B675-CCCB8ADC065A}.Release|Any CPU.ActiveCfg = Release|iPhone
		{2327D195-DA65-429E-B675-CCCB8ADC065A}.Release|Any CPU.Build.0 = Release|iPhone
		{2327D195-DA65-429E-B675-CCCB8ADC065A}.Release|Any CPU.Deploy.0 = Release|iPhone
		{2327D195-DA65-429E-B675-CCCB8ADC065A}.Release|iPhone.ActiveCfg = Release|iPhone
		{2327D195-DA65-429E-B675-CCCB8ADC065A}.Release|iPhone.Build.0 = Release|iPhone
		{2327D195-DA65-429E-B675-CCCB8ADC065A}.Release|iPhone.Deploy.0 = Release|iPhone
		{2327D195-DA65-429E-B675-CCCB8ADC065A}.Release|iPhoneSimulator.ActiveCfg = Release|iPhoneSimulator
		{2327D195-DA65-429E-B675-CCCB8ADC065A}.Release|iPhoneSimulator.Build.0 = Release|iPhoneSimulator
		{2327D195-DA65-429E-B675-CCCB8ADC065A}.Release|iPhoneSimulator.Deploy.0 = Release|iPhoneSimulator
		{EE5FB151-4259-44B6-A23C-C9B82DCF3755}.Ad-Hoc|Any CPU.ActiveCfg = Debug|Any CPU
		{EE5FB151-4259-44B6-A23C-C9B82DCF3755}.Ad-Hoc|Any CPU.Build.0 = Debug|Any CPU
		{EE5FB151-4259-44B6-A23C-C9B82DCF3755}.Ad-Hoc|Any CPU.Deploy.0 = Debug|Any CPU
		{EE5FB151-4259-44B6-A23C-C9B82DCF3755}.Ad-Hoc|iPhone.ActiveCfg = Debug|Any CPU
		{EE5FB151-4259-44B6-A23C-C9B82DCF3755}.Ad-Hoc|iPhone.Build.0 = Debug|Any CPU
		{EE5FB151-4259-44B6-A23C-C9B82DCF3755}.Ad-Hoc|iPhone.Deploy.0 = Debug|Any CPU
		{EE5FB151-4259-44B6-A23C-C9B82DCF3755}.Ad-Hoc|iPhoneSimulator.ActiveCfg = Debug|Any CPU
		{EE5FB151-4259-44B6-A23C-C9B82DCF3755}.Ad-Hoc|iPhoneSimulator.Build.0 = Debug|Any CPU
		{EE5FB151-4259-44B6-A23C-C9B82DCF3755}.Ad-Hoc|iPhoneSimulator.Deploy.0 = Debug|Any CPU
		{EE5FB151-4259-44B6-A23C-C9B82DCF3755}.AppStore|Any CPU.ActiveCfg = Debug|Any CPU
		{EE5FB151-4259-44B6-A23C-C9B82DCF3755}.AppStore|Any CPU.Build.0 = Debug|Any CPU
		{EE5FB151-4259-44B6-A23C-C9B82DCF3755}.AppStore|Any CPU.Deploy.0 = Debug|Any CPU
		{EE5FB151-4259-44B6-A23C-C9B82DCF3755}.AppStore|iPhone.ActiveCfg = Debug|Any CPU
		{EE5FB151-4259-44B6-A23C-C9B82DCF3755}.AppStore|iPhone.Build.0 = Debug|Any CPU
		{EE5FB151-4259-44B6-A23C-C9B82DCF3755}.AppStore|iPhone.Deploy.0 = Debug|Any CPU
		{EE5FB151-4259-44B6-A23C-C9B82DCF3755}.AppStore|iPhoneSimulator.ActiveCfg = Debug|Any CPU
		{EE5FB151-4259-44B6-A23C-C9B82DCF3755}.AppStore|iPhoneSimulator.Build.0 = Debug|Any CPU
		{EE5FB151-4259-44B6-A23C-C9B82DCF3755}.AppStore|iPhoneSimulator.Deploy.0 = Debug|Any CPU
		{EE5FB151-4259-44B6-A23C-C9B82DCF3755}.Debug|Any CPU.ActiveCfg = Debug|Any CPU
		{EE5FB151-4259-44B6-A23C-C9B82DCF3755}.Debug|Any CPU.Build.0 = Debug|Any CPU
		{EE5FB151-4259-44B6-A23C-C9B82DCF3755}.Debug|Any CPU.Deploy.0 = Debug|Any CPU
		{EE5FB151-4259-44B6-A23C-C9B82DCF3755}.Debug|iPhone.ActiveCfg = Debug|Any CPU
		{EE5FB151-4259-44B6-A23C-C9B82DCF3755}.Debug|iPhone.Build.0 = Debug|Any CPU
		{EE5FB151-4259-44B6-A23C-C9B82DCF3755}.Debug|iPhone.Deploy.0 = Debug|Any CPU
		{EE5FB151-4259-44B6-A23C-C9B82DCF3755}.Debug|iPhoneSimulator.ActiveCfg = Debug|Any CPU
		{EE5FB151-4259-44B6-A23C-C9B82DCF3755}.Debug|iPhoneSimulator.Build.0 = Debug|Any CPU
		{EE5FB151-4259-44B6-A23C-C9B82DCF3755}.Debug|iPhoneSimulator.Deploy.0 = Debug|Any CPU
		{EE5FB151-4259-44B6-A23C-C9B82DCF3755}.Release|Any CPU.ActiveCfg = Release|Any CPU
		{EE5FB151-4259-44B6-A23C-C9B82DCF3755}.Release|Any CPU.Build.0 = Release|Any CPU
		{EE5FB151-4259-44B6-A23C-C9B82DCF3755}.Release|Any CPU.Deploy.0 = Release|Any CPU
		{EE5FB151-4259-44B6-A23C-C9B82DCF3755}.Release|iPhone.ActiveCfg = Release|Any CPU
		{EE5FB151-4259-44B6-A23C-C9B82DCF3755}.Release|iPhone.Build.0 = Release|Any CPU
		{EE5FB151-4259-44B6-A23C-C9B82DCF3755}.Release|iPhone.Deploy.0 = Release|Any CPU
		{EE5FB151-4259-44B6-A23C-C9B82DCF3755}.Release|iPhoneSimulator.ActiveCfg = Release|Any CPU
		{EE5FB151-4259-44B6-A23C-C9B82DCF3755}.Release|iPhoneSimulator.Build.0 = Release|Any CPU
		{EE5FB151-4259-44B6-A23C-C9B82DCF3755}.Release|iPhoneSimulator.Deploy.0 = Release|Any CPU
	EndGlobalSection
	GlobalSection(SolutionProperties) = preSolution
		HideSolutionNode = FALSE
	EndGlobalSection
	GlobalSection(ExtensibilityGlobals) = postSolution
		SolutionGuid = {F0C2A34E-B91F-4EF7-A93E-82EBF7C565EB}
	EndGlobalSection
EndGlobal
